
Microsoft Visual Studio Solution File, Format Version 12.00
# Visual Studio Version 17
VisualStudioVersion = 17.5.33414.496
MinimumVisualStudioVersion = 10.0.40219.1
Project("{FAE04EC0-301F-11D3-BF4B-00C04F79EFBC}") = "Session4", "Session4\Session4.csproj", "{48173F56-8D3D-4654-A632-1F73F9FA25F6}"
EndProject
Global
	GlobalSection(SolutionConfigurationPlatforms) = preSolution
		Debug|Any CPU = Debug|Any CPU
		Release|Any CPU = Release|Any CPU
	EndGlobalSection
	GlobalSection(ProjectConfigurationPlatforms) = postSolution
		{48173F56-8D3D-4654-A632-1F73F9FA25F6}.Debug|Any CPU.ActiveCfg = Debug|Any CPU
		{48173F56-8D3D-4654-A632-1F73F9FA25F6}.Debug|Any CPU.Build.0 = Debug|Any CPU
		{48173F56-8D3D-4654-A632-1F73F9FA25F6}.Release|Any CPU.ActiveCfg = Release|Any CPU
		{48173F56-8D3D-4654-A632-1F73F9FA25F6}.Release|Any CPU.Build.0 = Release|Any CPU
	EndGlobalSection
	GlobalSection(SolutionProperties) = preSolution
		HideSolutionNode = FALSE
	EndGlobalSection
	GlobalSection(ExtensibilityGlobals) = postSolution
		SolutionGuid = {5E0A1920-2311-494B-BC18-FE6988AEE755}
	EndGlobalSection
EndGlobal
