
Microsoft Visual Studio Solution File, Format Version 12.00
# Visual Studio Version 17
VisualStudioVersion = 17.5.33414.496
MinimumVisualStudioVersion = 10.0.40219.1
Project("{FAE04EC0-301F-11D3-BF4B-00C04F79EFBC}") = "Session3", "Session3\Session3.csproj", "{C7129335-81DB-4A3F-84C8-8D8176A918CE}"
EndProject
Global
	GlobalSection(SolutionConfigurationPlatforms) = preSolution
		Debug|Any CPU = Debug|Any CPU
		Release|Any CPU = Release|Any CPU
	EndGlobalSection
	GlobalSection(ProjectConfigurationPlatforms) = postSolution
		{C7129335-81DB-4A3F-84C8-8D8176A918CE}.Debug|Any CPU.ActiveCfg = Debug|Any CPU
		{C7129335-81DB-4A3F-84C8-8D8176A918CE}.Debug|Any CPU.Build.0 = Debug|Any CPU
		{C7129335-81DB-4A3F-84C8-8D8176A918CE}.Release|Any CPU.ActiveCfg = Release|Any CPU
		{C7129335-81DB-4A3F-84C8-8D8176A918CE}.Release|Any CPU.Build.0 = Release|Any CPU
	EndGlobalSection
	GlobalSection(SolutionProperties) = preSolution
		HideSolutionNode = FALSE
	EndGlobalSection
	GlobalSection(ExtensibilityGlobals) = postSolution
		SolutionGuid = {0A3A744E-1E1B-47C8-93B2-0216E12B13EE}
	EndGlobalSection
EndGlobal
